
Microsoft Visual Studio Solution File, Format Version 12.00
# Visual Studio Version 17
VisualStudioVersion = 17.9.34622.214
MinimumVisualStudioVersion = 10.0.40219.1
Project("{9A19103F-16F7-4668-BE54-9A1E7A4F7556}") = "ChatGPT", "ChatGPT\ChatGPT.csproj", "{36C6EFB5-3972-47D5-902A-D01810BF9E8B}"
EndProject
Project("{9A19103F-16F7-4668-BE54-9A1E7A4F7556}") = "Test", "Test\Test.csproj", "{95BC0802-770A-4D7E-B6C9-F05A540BFF86}"
EndProject
Project("{9A19103F-16F7-4668-BE54-9A1E7A4F7556}") = "SpeakWell", "SpeakWell\SpeakWell.csproj", "{0D31A39C-DF0F-40D4-B924-49E89C88FDF4}"
EndProject
Project("{9A19103F-16F7-4668-BE54-9A1E7A4F7556}") = "BaseUsing", "BaseUsing\BaseUsing.csproj", "{32C185F0-09B2-4711-A4AC-28FC3ABF0351}"
EndProject
Project("{9A19103F-16F7-4668-BE54-9A1E7A4F7556}") = "CookBook", "CookBook\CookBook.csproj", "{5E736F16-6C18-4542-8121-0A3CB9801949}"
EndProject
Project("{9A19103F-16F7-4668-BE54-9A1E7A4F7556}") = "Oil", "Oli\Oil.csproj", "{427BA6B1-85E0-4D4B-9501-EE52D226E46D}"
EndProject
Project("{9A19103F-16F7-4668-BE54-9A1E7A4F7556}") = "SixtySeeWorld", "SixtySeeWorld\SixtySeeWorld.csproj", "{21529182-23B7-4757-A2FA-0E3C6113D556}"
EndProject
Project("{9A19103F-16F7-4668-BE54-9A1E7A4F7556}") = "DouYu", "DouYu\DouYu.csproj", "{F1806FC7-ECDB-4133-837B-D0ABA3E25BAD}"
EndProject
Project("{9A19103F-16F7-4668-BE54-9A1E7A4F7556}") = "DouYin", "DouYin\DouYin.csproj", "{3197EED6-63C5-4587-A2C3-1CC8D5C7BECA}"
EndProject
Project("{9A19103F-16F7-4668-BE54-9A1E7A4F7556}") = "Bilibili", "Bilibili\Bilibili.csproj", "{DEBF5590-D5D2-491D-ACBF-8AF65713B330}"
EndProject
Project("{9A19103F-16F7-4668-BE54-9A1E7A4F7556}") = "DownloadDLL", "ZDownloadDLL\DownloadDLL.csproj", "{65E04433-D77D-4EF5-8EBA-E4237F746B4A}"
EndProject
Global
	GlobalSection(SolutionConfigurationPlatforms) = preSolution
		Debug|Any CPU = Debug|Any CPU
		Release|Any CPU = Release|Any CPU
	EndGlobalSection
	GlobalSection(ProjectConfigurationPlatforms) = postSolution
		{36C6EFB5-3972-47D5-902A-D01810BF9E8B}.Debug|Any CPU.ActiveCfg = Debug|Any CPU
		{36C6EFB5-3972-47D5-902A-D01810BF9E8B}.Debug|Any CPU.Build.0 = Debug|Any CPU
		{36C6EFB5-3972-47D5-902A-D01810BF9E8B}.Release|Any CPU.ActiveCfg = Release|Any CPU
		{36C6EFB5-3972-47D5-902A-D01810BF9E8B}.Release|Any CPU.Build.0 = Release|Any CPU
		{95BC0802-770A-4D7E-B6C9-F05A540BFF86}.Debug|Any CPU.ActiveCfg = Debug|Any CPU
		{95BC0802-770A-4D7E-B6C9-F05A540BFF86}.Debug|Any CPU.Build.0 = Debug|Any CPU
		{95BC0802-770A-4D7E-B6C9-F05A540BFF86}.Release|Any CPU.ActiveCfg = Release|Any CPU
		{95BC0802-770A-4D7E-B6C9-F05A540BFF86}.Release|Any CPU.Build.0 = Release|Any CPU
		{0D31A39C-DF0F-40D4-B924-49E89C88FDF4}.Debug|Any CPU.ActiveCfg = Debug|Any CPU
		{0D31A39C-DF0F-40D4-B924-49E89C88FDF4}.Debug|Any CPU.Build.0 = Debug|Any CPU
		{0D31A39C-DF0F-40D4-B924-49E89C88FDF4}.Release|Any CPU.ActiveCfg = Release|Any CPU
		{0D31A39C-DF0F-40D4-B924-49E89C88FDF4}.Release|Any CPU.Build.0 = Release|Any CPU
		{32C185F0-09B2-4711-A4AC-28FC3ABF0351}.Debug|Any CPU.ActiveCfg = Debug|Any CPU
		{32C185F0-09B2-4711-A4AC-28FC3ABF0351}.Debug|Any CPU.Build.0 = Debug|Any CPU
		{32C185F0-09B2-4711-A4AC-28FC3ABF0351}.Release|Any CPU.ActiveCfg = Release|Any CPU
		{32C185F0-09B2-4711-A4AC-28FC3ABF0351}.Release|Any CPU.Build.0 = Release|Any CPU
		{5E736F16-6C18-4542-8121-0A3CB9801949}.Debug|Any CPU.ActiveCfg = Debug|Any CPU
		{5E736F16-6C18-4542-8121-0A3CB9801949}.Debug|Any CPU.Build.0 = Debug|Any CPU
		{5E736F16-6C18-4542-8121-0A3CB9801949}.Release|Any CPU.ActiveCfg = Release|Any CPU
		{5E736F16-6C18-4542-8121-0A3CB9801949}.Release|Any CPU.Build.0 = Release|Any CPU
		{427BA6B1-85E0-4D4B-9501-EE52D226E46D}.Debug|Any CPU.ActiveCfg = Debug|Any CPU
		{427BA6B1-85E0-4D4B-9501-EE52D226E46D}.Debug|Any CPU.Build.0 = Debug|Any CPU
		{427BA6B1-85E0-4D4B-9501-EE52D226E46D}.Release|Any CPU.ActiveCfg = Release|Any CPU
		{427BA6B1-85E0-4D4B-9501-EE52D226E46D}.Release|Any CPU.Build.0 = Release|Any CPU
		{21529182-23B7-4757-A2FA-0E3C6113D556}.Debug|Any CPU.ActiveCfg = Debug|Any CPU
		{21529182-23B7-4757-A2FA-0E3C6113D556}.Debug|Any CPU.Build.0 = Debug|Any CPU
		{21529182-23B7-4757-A2FA-0E3C6113D556}.Release|Any CPU.ActiveCfg = Release|Any CPU
		{21529182-23B7-4757-A2FA-0E3C6113D556}.Release|Any CPU.Build.0 = Release|Any CPU
		{F1806FC7-ECDB-4133-837B-D0ABA3E25BAD}.Debug|Any CPU.ActiveCfg = Debug|Any CPU
		{F1806FC7-ECDB-4133-837B-D0ABA3E25BAD}.Debug|Any CPU.Build.0 = Debug|Any CPU
		{F1806FC7-ECDB-4133-837B-D0ABA3E25BAD}.Release|Any CPU.ActiveCfg = Release|Any CPU
		{F1806FC7-ECDB-4133-837B-D0ABA3E25BAD}.Release|Any CPU.Build.0 = Release|Any CPU
		{3197EED6-63C5-4587-A2C3-1CC8D5C7BECA}.Debug|Any CPU.ActiveCfg = Debug|Any CPU
		{3197EED6-63C5-4587-A2C3-1CC8D5C7BECA}.Debug|Any CPU.Build.0 = Debug|Any CPU
		{3197EED6-63C5-4587-A2C3-1CC8D5C7BECA}.Release|Any CPU.ActiveCfg = Release|Any CPU
		{3197EED6-63C5-4587-A2C3-1CC8D5C7BECA}.Release|Any CPU.Build.0 = Release|Any CPU
		{DEBF5590-D5D2-491D-ACBF-8AF65713B330}.Debug|Any CPU.ActiveCfg = Debug|Any CPU
		{DEBF5590-D5D2-491D-ACBF-8AF65713B330}.Debug|Any CPU.Build.0 = Debug|Any CPU
		{DEBF5590-D5D2-491D-ACBF-8AF65713B330}.Release|Any CPU.ActiveCfg = Release|Any CPU
		{DEBF5590-D5D2-491D-ACBF-8AF65713B330}.Release|Any CPU.Build.0 = Release|Any CPU
		{65E04433-D77D-4EF5-8EBA-E4237F746B4A}.Debug|Any CPU.ActiveCfg = Debug|Any CPU
		{65E04433-D77D-4EF5-8EBA-E4237F746B4A}.Debug|Any CPU.Build.0 = Debug|Any CPU
		{65E04433-D77D-4EF5-8EBA-E4237F746B4A}.Release|Any CPU.ActiveCfg = Release|Any CPU
		{65E04433-D77D-4EF5-8EBA-E4237F746B4A}.Release|Any CPU.Build.0 = Release|Any CPU
	EndGlobalSection
	GlobalSection(SolutionProperties) = preSolution
		HideSolutionNode = FALSE
	EndGlobalSection
	GlobalSection(ExtensibilityGlobals) = postSolution
		SolutionGuid = {A7492A21-B068-49D4-841D-0E38F3B8CDB9}
	EndGlobalSection
EndGlobal
